
Microsoft Visual Studio Solution File, Format Version 12.00
# Visual Studio Version 17
VisualStudioVersion = 17.13.35919.96
MinimumVisualStudioVersion = 10.0.40219.1
Project("{8BC9CEB8-8B4A-11D0-8D11-00A0C91BC942}") = "Tutorial", "JG-Vulkan\JG-Vulkan.vcxproj", "{CFFD53FC-E22F-467D-93A5-F66BCB8127CC}"
EndProject
Project("{8BC9CEB8-8B4A-11D0-8D11-00A0C91BC942}") = "Triangle", "Triangle\Triangle.vcxproj", "{57EBA812-3A68-4EEA-9C67-181DABC6F7DD}"
EndProject
Global
	GlobalSection(SolutionConfigurationPlatforms) = preSolution
		Debug|x64 = Debug|x64
		Debug|x86 = Debug|x86
		Release|x64 = Release|x64
		Release|x86 = Release|x86
	EndGlobalSection
	GlobalSection(ProjectConfigurationPlatforms) = postSolution
		{CFFD53FC-E22F-467D-93A5-F66BCB8127CC}.Debug|x64.ActiveCfg = Debug|x64
		{CFFD53FC-E22F-467D-93A5-F66BCB8127CC}.Debug|x64.Build.0 = Debug|x64
		{CFFD53FC-E22F-467D-93A5-F66BCB8127CC}.Debug|x86.ActiveCfg = Debug|Win32
		{CFFD53FC-E22F-467D-93A5-F66BCB8127CC}.Debug|x86.Build.0 = Debug|Win32
		{CFFD53FC-E22F-467D-93A5-F66BCB8127CC}.Release|x64.ActiveCfg = Release|x64
		{CFFD53FC-E22F-467D-93A5-F66BCB8127CC}.Release|x64.Build.0 = Release|x64
		{CFFD53FC-E22F-467D-93A5-F66BCB8127CC}.Release|x86.ActiveCfg = Release|Win32
		{CFFD53FC-E22F-467D-93A5-F66BCB8127CC}.Release|x86.Build.0 = Release|Win32
		{57EBA812-3A68-4EEA-9C67-181DABC6F7DD}.Debug|x64.ActiveCfg = Debug|x64
		{57EBA812-3A68-4EEA-9C67-181DABC6F7DD}.Debug|x64.Build.0 = Debug|x64
		{57EBA812-3A68-4EEA-9C67-181DABC6F7DD}.Debug|x86.ActiveCfg = Debug|Win32
		{57EBA812-3A68-4EEA-9C67-181DABC6F7DD}.Debug|x86.Build.0 = Debug|Win32
		{57EBA812-3A68-4EEA-9C67-181DABC6F7DD}.Release|x64.ActiveCfg = Release|x64
		{57EBA812-3A68-4EEA-9C67-181DABC6F7DD}.Release|x64.Build.0 = Release|x64
		{57EBA812-3A68-4EEA-9C67-181DABC6F7DD}.Release|x86.ActiveCfg = Release|Win32
		{57EBA812-3A68-4EEA-9C67-181DABC6F7DD}.Release|x86.Build.0 = Release|Win32
	EndGlobalSection
	GlobalSection(SolutionProperties) = preSolution
		HideSolutionNode = FALSE
	EndGlobalSection
	GlobalSection(ExtensibilityGlobals) = postSolution
		SolutionGuid = {18F24967-C02A-4D5A-B609-57E6E71E857D}
	EndGlobalSection
EndGlobal
